{
  "name": "sql-unit-tester",
  "version": "0.1.0",
  "lockfileVersion": 2,
  "requires": true,
  "packages": {
    "": {
      "name": "sql-unit-tester",
      "version": "0.1.0",
      "dependencies": {
        "@mysql/xdevapi": "^8.0.31"
      },
      "devDependencies": {
        "baretest": "^2.0.0"
      }
    },
    "node_modules/@mysql/xdevapi": {
      "version": "8.0.31",
      "resolved": "https://registry.npmjs.org/@mysql/xdevapi/-/xdevapi-8.0.31.tgz",
      "integrity": "sha512-fDjf9/+uARDa4c3E1tfikB3eYSrUSJ4nF+pZZmuGn9HcU8HBVMDV7QMnzIFcopT8jEV5W230MaXZZBmOvC+EjQ==",
      "dependencies": {
        "google-protobuf": "3.19.4",
        "parsimmon": "1.18.1"
      },
      "engines": {
        "node": ">=14.0.0"
      }
    },
    "node_modules/barecolor": {
      "version": "1.0.1",
      "resolved": "https://registry.npmjs.org/barecolor/-/barecolor-1.0.1.tgz",
      "integrity": "sha512-ncJ680U+r1CGBt73L3O6V9GIAPy3hbDmWODEQajwEnDmmzeStvc4UYhapUSxUpS76+MHxyRihzZfwhyl122Zdw==",
      "dev": true
    },
    "node_modules/baretest": {
      "version": "2.0.0",
      "resolved": "https://registry.npmjs.org/baretest/-/baretest-2.0.0.tgz",
      "integrity": "sha512-hRmYnBojeijT3jH0GtqLoHus+adPoeYh2NmcNT3wBPH903AUphcFqs1gJ64fBovDXql51Df24g9D9jcXRZd4vA==",
      "dev": true,
      "dependencies": {
        "barecolor": "1.0.1"
      }
    },
    "node_modules/google-protobuf": {
      "version": "3.19.4",
      "resolved": "https://registry.npmjs.org/google-protobuf/-/google-protobuf-3.19.4.tgz",
      "integrity": "sha512-OIPNCxsG2lkIvf+P5FNfJ/Km95CsXOBecS9ZcAU6m2Rq3svc0Apl9nB3GMDNKfQ9asNv4KjyAqGwPQFrVle3Yg=="
    },
    "node_modules/parsimmon": {
      "version": "1.18.1",
      "resolved": "https://registry.npmjs.org/parsimmon/-/parsimmon-1.18.1.tgz",
      "integrity": "sha512-u7p959wLfGAhJpSDJVYXoyMCXWYwHia78HhRBWqk7AIbxdmlrfdp5wX0l3xv/iTSH5HvhN9K7o26hwwpgS5Nmw=="
    }
  },
  "dependencies": {
    "@mysql/xdevapi": {
      "version": "8.0.31",
      "resolved": "https://registry.npmjs.org/@mysql/xdevapi/-/xdevapi-8.0.31.tgz",
      "integrity": "sha512-fDjf9/+uARDa4c3E1tfikB3eYSrUSJ4nF+pZZmuGn9HcU8HBVMDV7QMnzIFcopT8jEV5W230MaXZZBmOvC+EjQ==",
      "requires": {
        "google-protobuf": "3.19.4",
        "parsimmon": "1.18.1"
      }
    },
    "barecolor": {
      "version": "1.0.1",
      "resolved": "https://registry.npmjs.org/barecolor/-/barecolor-1.0.1.tgz",
      "integrity": "sha512-ncJ680U+r1CGBt73L3O6V9GIAPy3hbDmWODEQajwEnDmmzeStvc4UYhapUSxUpS76+MHxyRihzZfwhyl122Zdw==",
      "dev": true
    },
    "baretest": {
      "version": "2.0.0",
      "resolved": "https://registry.npmjs.org/baretest/-/baretest-2.0.0.tgz",
      "integrity": "sha512-hRmYnBojeijT3jH0GtqLoHus+adPoeYh2NmcNT3wBPH903AUphcFqs1gJ64fBovDXql51Df24g9D9jcXRZd4vA==",
      "dev": true,
      "requires": {
        "barecolor": "1.0.1"
      }
    },
    "google-protobuf": {
      "version": "3.19.4",
      "resolved": "https://registry.npmjs.org/google-protobuf/-/google-protobuf-3.19.4.tgz",
      "integrity": "sha512-OIPNCxsG2lkIvf+P5FNfJ/Km95CsXOBecS9ZcAU6m2Rq3svc0Apl9nB3GMDNKfQ9asNv4KjyAqGwPQFrVle3Yg=="
    },
    "parsimmon": {
      "version": "1.18.1",
      "resolved": "https://registry.npmjs.org/parsimmon/-/parsimmon-1.18.1.tgz",
      "integrity": "sha512-u7p959wLfGAhJpSDJVYXoyMCXWYwHia78HhRBWqk7AIbxdmlrfdp5wX0l3xv/iTSH5HvhN9K7o26hwwpgS5Nmw=="
    }
  }
}
